
Microsoft Visual Studio Solution File, Format Version 12.00
# Visual Studio Version 17
VisualStudioVersion = 17.3.32901.215
MinimumVisualStudioVersion = 10.0.40219.1
Project("{FAE04EC0-301F-11D3-BF4B-00C04F79EFBC}") = "P9_1_1214056", "P9_1_1214056\P9_1_1214056.csproj", "{AB0CD23B-58DF-4E06-9B88-9BB6119008C6}"
EndProject
Global
	GlobalSection(SolutionConfigurationPlatforms) = preSolution
		Debug|Any CPU = Debug|Any CPU
		Release|Any CPU = Release|Any CPU
	EndGlobalSection
	GlobalSection(ProjectConfigurationPlatforms) = postSolution
		{AB0CD23B-58DF-4E06-9B88-9BB6119008C6}.Debug|Any CPU.ActiveCfg = Debug|Any CPU
		{AB0CD23B-58DF-4E06-9B88-9BB6119008C6}.Debug|Any CPU.Build.0 = Debug|Any CPU
		{AB0CD23B-58DF-4E06-9B88-9BB6119008C6}.Release|Any CPU.ActiveCfg = Release|Any CPU
		{AB0CD23B-58DF-4E06-9B88-9BB6119008C6}.Release|Any CPU.Build.0 = Release|Any CPU
	EndGlobalSection
	GlobalSection(SolutionProperties) = preSolution
		HideSolutionNode = FALSE
	EndGlobalSection
	GlobalSection(ExtensibilityGlobals) = postSolution
		SolutionGuid = {9405BA32-5542-4DF6-9BF7-67D0BE75F9B8}
	EndGlobalSection
EndGlobal
